// !$*UTF8*$!
{
	archiveVersion = 1;
	classes = {
	};
	objectVersion = 46;
	objects = {

/* Begin PBXBuildFile section */
		B924866B1D2A842A00D05B07 /* Array+Shuffle.swift in Sources */ = {isa = PBXBuildFile; fileRef = B924866A1D2A842A00D05B07 /* Array+Shuffle.swift */; };
		B9BDF5D61D2E8B0F00E6B170 /* GameKit.framework in Frameworks */ = {isa = PBXBuildFile; fileRef = B9BDF5D51D2E8B0F00E6B170 /* GameKit.framework */; };
		B9BDF5D91D2E8B6100E6B170 /* GKLocalPlayerUtil.swift in Sources */ = {isa = PBXBuildFile; fileRef = B9BDF5D81D2E8B6100E6B170 /* GKLocalPlayerUtil.swift */; };
		B9BDF5DB1D2E8B6F00E6B170 /* GKScoreUtil.swift in Sources */ = {isa = PBXBuildFile; fileRef = B9BDF5DA1D2E8B6F00E6B170 /* GKScoreUtil.swift */; };
		B9D40BF31D26791F0010EBCE /* AppDelegate.swift in Sources */ = {isa = PBXBuildFile; fileRef = B9D40BF21D26791F0010EBCE /* AppDelegate.swift */; };
		B9D40BF51D26791F0010EBCE /* ViewController.swift in Sources */ = {isa = PBXBuildFile; fileRef = B9D40BF41D26791F0010EBCE /* ViewController.swift */; };
		B9D40BF81D26791F0010EBCE /* Main.storyboard in Resources */ = {isa = PBXBuildFile; fileRef = B9D40BF61D26791F0010EBCE /* Main.storyboard */; };
		B9D40BFA1D26791F0010EBCE /* Assets.xcassets in Resources */ = {isa = PBXBuildFile; fileRef = B9D40BF91D26791F0010EBCE /* Assets.xcassets */; };
		B9D40BFD1D26791F0010EBCE /* LaunchScreen.storyboard in Resources */ = {isa = PBXBuildFile; fileRef = B9D40BFB1D26791F0010EBCE /* LaunchScreen.storyboard */; };
/* End PBXBuildFile section */

/* Begin PBXFileReference section */
		B924866A1D2A842A00D05B07 /* Array+Shuffle.swift */ = {isa = PBXFileReference; fileEncoding = 4; lastKnownFileType = sourcecode.swift; path = "Array+Shuffle.swift"; sourceTree = "<group>"; };
		B9BDF5D51D2E8B0F00E6B170 /* GameKit.framework */ = {isa = PBXFileReference; lastKnownFileType = wrapper.framework; name = GameKit.framework; path = System/Library/Frameworks/GameKit.framework; sourceTree = SDKROOT; };
		B9BDF5D81D2E8B6100E6B170 /* GKLocalPlayerUtil.swift */ = {isa = PBXFileReference; fileEncoding = 4; lastKnownFileType = sourcecode.swift; name = GKLocalPlayerUtil.swift; path = GameKit/GKLocalPlayerUtil.swift; sourceTree = "<group>"; };
		B9BDF5DA1D2E8B6F00E6B170 /* GKScoreUtil.swift */ = {isa = PBXFileReference; fileEncoding = 4; lastKnownFileType = sourcecode.swift; path = GKScoreUtil.swift; sourceTree = "<group>"; };
		B9D40BEF1D26791F0010EBCE /* oneTo50.app */ = {isa = PBXFileReference; explicitFileType = wrapper.application; includeInIndex = 0; path = oneTo50.app; sourceTree = BUILT_PRODUCTS_DIR; };
		B9D40BF21D26791F0010EBCE /* AppDelegate.swift */ = {isa = PBXFileReference; lastKnownFileType = sourcecode.swift; path = AppDelegate.swift; sourceTree = "<group>"; };
		B9D40BF41D26791F0010EBCE /* ViewController.swift */ = {isa = PBXFileReference; lastKnownFileType = sourcecode.swift; path = ViewController.swift; sourceTree = "<group>"; };
		B9D40BF71D26791F0010EBCE /* Base */ = {isa = PBXFileReference; lastKnownFileType = file.storyboard; name = Base; path = Base.lproj/Main.storyboard; sourceTree = "<group>"; };
		B9D40BF91D26791F0010EBCE /* Assets.xcassets */ = {isa = PBXFileReference; lastKnownFileType = folder.assetcatalog; path = Assets.xcassets; sourceTree = "<group>"; };
		B9D40BFC1D26791F0010EBCE /* Base */ = {isa = PBXFileReference; lastKnownFileType = file.storyboard; name = Base; path = Base.lproj/LaunchScreen.storyboard; sourceTree = "<group>"; };
		B9D40BFE1D26791F0010EBCE /* Info.plist */ = {isa = PBXFileReference; lastKnownFileType = text.plist.xml; path = Info.plist; sourceTree = "<group>"; };
/* End PBXFileReference section */

/* Begin PBXFrameworksBuildPhase section */
		B9D40BEC1D26791F0010EBCE /* Frameworks */ = {
			isa = PBXFrameworksBuildPhase;
			buildActionMask = 2147483647;
			files = (
				B9BDF5D61D2E8B0F00E6B170 /* GameKit.framework in Frameworks */,
			);
			runOnlyForDeploymentPostprocessing = 0;
		};
/* End PBXFrameworksBuildPhase section */

/* Begin PBXGroup section */
		B9BDF5D71D2E8B3D00E6B170 /* GameKit */ = {
			isa = PBXGroup;
			children = (
				B9BDF5D81D2E8B6100E6B170 /* GKLocalPlayerUtil.swift */,
				B9BDF5DA1D2E8B6F00E6B170 /* GKScoreUtil.swift */,
			);
			name = GameKit;
			sourceTree = "<group>";
		};
		B9D40BE61D26791F0010EBCE = {
			isa = PBXGroup;
			children = (
				B9BDF5D51D2E8B0F00E6B170 /* GameKit.framework */,
				B9D40BF11D26791F0010EBCE /* oneTo50 */,
				B9D40BF01D26791F0010EBCE /* Products */,
			);
			sourceTree = "<group>";
		};
		B9D40BF01D26791F0010EBCE /* Products */ = {
			isa = PBXGroup;
			children = (
				B9D40BEF1D26791F0010EBCE /* oneTo50.app */,
			);
			name = Products;
			sourceTree = "<group>";
		};
		B9D40BF11D26791F0010EBCE /* oneTo50 */ = {
			isa = PBXGroup;
			children = (
				B9D40BF21D26791F0010EBCE /* AppDelegate.swift */,
				B9D40BF41D26791F0010EBCE /* ViewController.swift */,
				B924866A1D2A842A00D05B07 /* Array+Shuffle.swift */,
				B9D40BF61D26791F0010EBCE /* Main.storyboard */,
				B9D40BF91D26791F0010EBCE /* Assets.xcassets */,
				B9D40BFB1D26791F0010EBCE /* LaunchScreen.storyboard */,
				B9D40BFE1D26791F0010EBCE /* Info.plist */,
				B9BDF5D71D2E8B3D00E6B170 /* GameKit */,
			);
			path = oneTo50;
			sourceTree = "<group>";
		};
/* End PBXGroup section */

/* Begin PBXNativeTarget section */
		B9D40BEE1D26791F0010EBCE /* oneTo50 */ = {
			isa = PBXNativeTarget;
			buildConfigurationList = B9D40C011D26791F0010EBCE /* Build configuration list for PBXNativeTarget "oneTo50" */;
			buildPhases = (
				B9D40BEB1D26791F0010EBCE /* Sources */,
				B9D40BEC1D26791F0010EBCE /* Frameworks */,
				B9D40BED1D26791F0010EBCE /* Resources */,
			);
			buildRules = (
			);
			dependencies = (
			);
			name = oneTo50;
			productName = oneTo50;
			productReference = B9D40BEF1D26791F0010EBCE /* oneTo50.app */;
			productType = "com.apple.product-type.application";
		};
/* End PBXNativeTarget section */

/* Begin PBXProject section */
		B9D40BE71D26791F0010EBCE /* Project object */ = {
			isa = PBXProject;
			attributes = {
				LastSwiftUpdateCheck = 0730;
				LastUpgradeCheck = 0730;
				ORGANIZATIONNAME = kokaru.com;
				TargetAttributes = {
					B9D40BEE1D26791F0010EBCE = {
						CreatedOnToolsVersion = 7.3.1;
					};
				};
			};
			buildConfigurationList = B9D40BEA1D26791F0010EBCE /* Build configuration list for PBXProject "oneTo50" */;
			compatibilityVersion = "Xcode 3.2";
			developmentRegion = English;
			hasScannedForEncodings = 0;
			knownRegions = (
				en,
				Base,
			);
			mainGroup = B9D40BE61D26791F0010EBCE;
			productRefGroup = B9D40BF01D26791F0010EBCE /* Products */;
			projectDirPath = "";
			projectRoot = "";
			targets = (
				B9D40BEE1D26791F0010EBCE /* oneTo50 */,
			);
		};
/* End PBXProject section */

/* Begin PBXResourcesBuildPhase section */
		B9D40BED1D26791F0010EBCE /* Resources */ = {
			isa = PBXResourcesBuildPhase;
			buildActionMask = 2147483647;
			files = (
				B9D40BFD1D26791F0010EBCE /* LaunchScreen.storyboard in Resources */,
				B9D40BFA1D26791F0010EBCE /* Assets.xcassets in Resources */,
				B9D40BF81D26791F0010EBCE /* Main.storyboard in Resources */,
			);
			runOnlyForDeploymentPostprocessing = 0;
		};
/* End PBXResourcesBuildPhase section */

/* Begin PBXSourcesBuildPhase section */
		B9D40BEB1D26791F0010EBCE /* Sources */ = {
			isa = PBXSourcesBuildPhase;
			buildActionMask = 2147483647;
			files = (
				B924866B1D2A842A00D05B07 /* Array+Shuffle.swift in Sources */,
				B9D40BF51D26791F0010EBCE /* ViewController.swift in Sources */,
				B9BDF5D91D2E8B6100E6B170 /* GKLocalPlayerUtil.swift in Sources */,
				B9BDF5DB1D2E8B6F00E6B170 /* GKScoreUtil.swift in Sources */,
				B9D40BF31D26791F0010EBCE /* AppDelegate.swift in Sources */,
			);
			runOnlyForDeploymentPostprocessing = 0;
		};
/* End PBXSourcesBuildPhase section */

/* Begin PBXVariantGroup section */
		B9D40BF61D26791F0010EBCE /* Main.storyboard */ = {
			isa = PBXVariantGroup;
			children = (
				B9D40BF71D26791F0010EBCE /* Base */,
			);
			name = Main.storyboard;
			sourceTree = "<group>";
		};
		B9D40BFB1D26791F0010EBCE /* LaunchScreen.storyboard */ = {
			isa = PBXVariantGroup;
			children = (
				B9D40BFC1D26791F0010EBCE /* Base */,
			);
			name = LaunchScreen.storyboard;
			sourceTree = "<group>";
		};
/* End PBXVariantGroup section */

/* Begin XCBuildConfiguration section */
		B9D40BFF1D26791F0010EBCE /* Debug */ = {
			isa = XCBuildConfiguration;
			buildSettings = {
				ALWAYS_SEARCH_USER_PATHS = NO;
				CLANG_ANALYZER_NONNULL = YES;
				CLANG_CXX_LANGUAGE_STANDARD = "gnu++0x";
				CLANG_CXX_LIBRARY = "libc++";
				CLANG_ENABLE_MODULES = YES;
				CLANG_ENABLE_OBJC_ARC = YES;
				CLANG_WARN_BOOL_CONVERSION = YES;
				CLANG_WARN_CONSTANT_CONVERSION = YES;
				CLANG_WARN_DIRECT_OBJC_ISA_USAGE = YES_ERROR;
				CLANG_WARN_EMPTY_BODY = YES;
				CLANG_WARN_ENUM_CONVERSION = YES;
				CLANG_WARN_INT_CONVERSION = YES;
				CLANG_WARN_OBJC_ROOT_CLASS = YES_ERROR;
				CLANG_WARN_UNREACHABLE_CODE = YES;
				CLANG_WARN__DUPLICATE_METHOD_MATCH = YES;
				"CODE_SIGN_IDENTITY[sdk=iphoneos*]" = "iPhone Developer";
				COPY_PHASE_STRIP = NO;
				DEBUG_INFORMATION_FORMAT = dwarf;
				ENABLE_STRICT_OBJC_MSGSEND = YES;
				ENABLE_TESTABILITY = YES;
				GCC_C_LANGUAGE_STANDARD = gnu99;
				GCC_DYNAMIC_NO_PIC = NO;
				GCC_NO_COMMON_BLOCKS = YES;
				GCC_OPTIMIZATION_LEVEL = 0;
				GCC_PREPROCESSOR_DEFINITIONS = (
					"DEBUG=1",
					"$(inherited)",
				);
				GCC_WARN_64_TO_32_BIT_CONVERSION = YES;
				GCC_WARN_ABOUT_RETURN_TYPE = YES_ERROR;
				GCC_WARN_UNDECLARED_SELECTOR = YES;
				GCC_WARN_UNINITIALIZED_AUTOS = YES_AGGRESSIVE;
				GCC_WARN_UNUSED_FUNCTION = YES;
				GCC_WARN_UNUSED_VARIABLE = YES;
				IPHONEOS_DEPLOYMENT_TARGET = 9.3;
				MTL_ENABLE_DEBUG_INFO = YES;
				ONLY_ACTIVE_ARCH = YES;
				SDKROOT = iphoneos;
				SWIFT_OPTIMIZATION_LEVEL = "-Onone";
				TARGETED_DEVICE_FAMILY = "1,2";
			};
			name = Debug;
		};
		B9D40C001D26791F0010EBCE /* Release */ = {
			isa = XCBuildConfiguration;
			buildSettings = {
				ALWAYS_SEARCH_USER_PATHS = NO;
				CLANG_ANALYZER_NONNULL = YES;
				CLANG_CXX_LANGUAGE_STANDARD = "gnu++0x";
				CLANG_CXX_LIBRARY = "libc++";
				CLANG_ENABLE_MODULES = YES;
				CLANG_ENABLE_OBJC_ARC = YES;
				CLANG_WARN_BOOL_CONVERSION = YES;
				CLANG_WARN_CONSTANT_CONVERSION = YES;
				CLANG_WARN_DIRECT_OBJC_ISA_USAGE = YES_ERROR;
				CLANG_WARN_EMPTY_BODY = YES;
				CLANG_WARN_ENUM_CONVERSION = YES;
				CLANG_WARN_INT_CONVERSION = YES;
				CLANG_WARN_OBJC_ROOT_CLASS = YES_ERROR;
				CLANG_WARN_UNREACHABLE_CODE = YES;
				CLANG_WARN__DUPLICATE_METHOD_MATCH = YES;
				"CODE_SIGN_IDENTITY[sdk=iphoneos*]" = "iPhone Developer";
				COPY_PHASE_STRIP = NO;
				DEBUG_INFORMATION_FORMAT = "dwarf-with-dsym";
				ENABLE_NS_ASSERTIONS = NO;
				ENABLE_STRICT_OBJC_MSGSEND = YES;
				GCC_C_LANGUAGE_STANDARD = gnu99;
				GCC_NO_COMMON_BLOCKS = YES;
				GCC_WARN_64_TO_32_BIT_CONVERSION = YES;
				GCC_WARN_ABOUT_RETURN_TYPE = YES_ERROR;
				GCC_WARN_UNDECLARED_SELECTOR = YES;
				GCC_WARN_UNINITIALIZED_AUTOS = YES_AGGRESSIVE;
				GCC_WARN_UNUSED_FUNCTION = YES;
				GCC_WARN_UNUSED_VARIABLE = YES;
				IPHONEOS_DEPLOYMENT_TARGET = 9.3;
				MTL_ENABLE_DEBUG_INFO = NO;
				SDKROOT = iphoneos;
				TARGETED_DEVICE_FAMILY = "1,2";
				VALIDATE_PRODUCT = YES;
			};
			name = Release;
		};
		B9D40C021D26791F0010EBCE /* Debug */ = {
			isa = XCBuildConfiguration;
			buildSettings = {
				ASSETCATALOG_COMPILER_APPICON_NAME = AppIcon;
				INFOPLIST_FILE = oneTo50/Info.plist;
				LD_RUNPATH_SEARCH_PATHS = "$(inherited) @executable_path/Frameworks";
				PRODUCT_BUNDLE_IDENTIFIER = kokaru.com.oneTo50;
				PRODUCT_NAME = "$(TARGET_NAME)";
			};
			name = Debug;
		};
		B9D40C031D26791F0010EBCE /* Release */ = {
			isa = XCBuildConfiguration;
			buildSettings = {
				ASSETCATALOG_COMPILER_APPICON_NAME = AppIcon;
				INFOPLIST_FILE = oneTo50/Info.plist;
				LD_RUNPATH_SEARCH_PATHS = "$(inherited) @executable_path/Frameworks";
				PRODUCT_BUNDLE_IDENTIFIER = kokaru.com.oneTo50;
				PRODUCT_NAME = "$(TARGET_NAME)";
			};
			name = Release;
		};
/* End XCBuildConfiguration section */

/* Begin XCConfigurationList section */
		B9D40BEA1D26791F0010EBCE /* Build configuration list for PBXProject "oneTo50" */ = {
			isa = XCConfigurationList;
			buildConfigurations = (
				B9D40BFF1D26791F0010EBCE /* Debug */,
				B9D40C001D26791F0010EBCE /* Release */,
			);
			defaultConfigurationIsVisible = 0;
			defaultConfigurationName = Release;
		};
		B9D40C011D26791F0010EBCE /* Build configuration list for PBXNativeTarget "oneTo50" */ = {
			isa = XCConfigurationList;
			buildConfigurations = (
				B9D40C021D26791F0010EBCE /* Debug */,
				B9D40C031D26791F0010EBCE /* Release */,
			);
			defaultConfigurationIsVisible = 0;
			defaultConfigurationName = Release;
		};
/* End XCConfigurationList section */
	};
	rootObject = B9D40BE71D26791F0010EBCE /* Project object */;
}
